
Microsoft Visual Studio Solution File, Format Version 12.00
# Visual Studio Version 16
VisualStudioVersion = 16.0.29920.165
MinimumVisualStudioVersion = 10.0.40219.1
Project("{FAE04EC0-301F-11D3-BF4B-00C04F79EFBC}") = "WPF_HomeLibrary", "WPF_HomeLibrary\WPF_HomeLibrary.csproj", "{514AA43B-D35C-4847-A016-73EA96D5C1C7}"
EndProject
Global
	GlobalSection(SolutionConfigurationPlatforms) = preSolution
		Debug|Any CPU = Debug|Any CPU
		Release|Any CPU = Release|Any CPU
	EndGlobalSection
	GlobalSection(ProjectConfigurationPlatforms) = postSolution
		{514AA43B-D35C-4847-A016-73EA96D5C1C7}.Debug|Any CPU.ActiveCfg = Debug|Any CPU
		{514AA43B-D35C-4847-A016-73EA96D5C1C7}.Debug|Any CPU.Build.0 = Debug|Any CPU
		{514AA43B-D35C-4847-A016-73EA96D5C1C7}.Release|Any CPU.ActiveCfg = Release|Any CPU
		{514AA43B-D35C-4847-A016-73EA96D5C1C7}.Release|Any CPU.Build.0 = Release|Any CPU
	EndGlobalSection
	GlobalSection(SolutionProperties) = preSolution
		HideSolutionNode = FALSE
	EndGlobalSection
	GlobalSection(ExtensibilityGlobals) = postSolution
		SolutionGuid = {06E9E3EF-3314-4DFB-A94F-5BC43734A241}
	EndGlobalSection
EndGlobal
